// !$*UTF8*$!
{
	archiveVersion = 1;
	classes = {
	};
	objectVersion = 46;
	objects = {

/* Begin PBXBuildFile section */
		945A4E931E537F5800632018 /* AppDelegate.swift in Sources */ = {isa = PBXBuildFile; fileRef = 945A4E921E537F5800632018 /* AppDelegate.swift */; };
		945A4E951E537F5800632018 /* ViewController.swift in Sources */ = {isa = PBXBuildFile; fileRef = 945A4E941E537F5800632018 /* ViewController.swift */; };
		945A4E981E537F5800632018 /* Main.storyboard in Resources */ = {isa = PBXBuildFile; fileRef = 945A4E961E537F5800632018 /* Main.storyboard */; };
		945A4E9A1E537F5800632018 /* Assets.xcassets in Resources */ = {isa = PBXBuildFile; fileRef = 945A4E991E537F5800632018 /* Assets.xcassets */; };
		945A4E9D1E537F5800632018 /* LaunchScreen.storyboard in Resources */ = {isa = PBXBuildFile; fileRef = 945A4E9B1E537F5800632018 /* LaunchScreen.storyboard */; };
		945A4EA71E538A8700632018 /* Minecraft.ttf in Resources */ = {isa = PBXBuildFile; fileRef = 945A4EA61E538A8700632018 /* Minecraft.ttf */; };
		945A4EA91E538B5400632018 /* btn.wav in Resources */ = {isa = PBXBuildFile; fileRef = 945A4EA81E538B5400632018 /* btn.wav */; };
/* End PBXBuildFile section */

/* Begin PBXFileReference section */
		945A4E8F1E537F5800632018 /* RetroCalc.app */ = {isa = PBXFileReference; explicitFileType = wrapper.application; includeInIndex = 0; path = RetroCalc.app; sourceTree = BUILT_PRODUCTS_DIR; };
		945A4E921E537F5800632018 /* AppDelegate.swift */ = {isa = PBXFileReference; lastKnownFileType = sourcecode.swift; path = AppDelegate.swift; sourceTree = "<group>"; };
		945A4E941E537F5800632018 /* ViewController.swift */ = {isa = PBXFileReference; lastKnownFileType = sourcecode.swift; path = ViewController.swift; sourceTree = "<group>"; };
		945A4E971E537F5800632018 /* Base */ = {isa = PBXFileReference; lastKnownFileType = file.storyboard; name = Base; path = Base.lproj/Main.storyboard; sourceTree = "<group>"; };
		945A4E991E537F5800632018 /* Assets.xcassets */ = {isa = PBXFileReference; lastKnownFileType = folder.assetcatalog; path = Assets.xcassets; sourceTree = "<group>"; };
		945A4E9C1E537F5800632018 /* Base */ = {isa = PBXFileReference; lastKnownFileType = file.storyboard; name = Base; path = Base.lproj/LaunchScreen.storyboard; sourceTree = "<group>"; };
		945A4E9E1E537F5800632018 /* Info.plist */ = {isa = PBXFileReference; lastKnownFileType = text.plist.xml; path = Info.plist; sourceTree = "<group>"; };
		945A4EA61E538A8700632018 /* Minecraft.ttf */ = {isa = PBXFileReference; lastKnownFileType = file; path = Minecraft.ttf; sourceTree = "<group>"; };
		945A4EA81E538B5400632018 /* btn.wav */ = {isa = PBXFileReference; lastKnownFileType = audio.wav; path = btn.wav; sourceTree = "<group>"; };
/* End PBXFileReference section */

/* Begin PBXFrameworksBuildPhase section */
		945A4E8C1E537F5800632018 /* Frameworks */ = {
			isa = PBXFrameworksBuildPhase;
			buildActionMask = 2147483647;
			files = (
			);
			runOnlyForDeploymentPostprocessing = 0;
		};
/* End PBXFrameworksBuildPhase section */

/* Begin PBXGroup section */
		945A4E861E537F5800632018 = {
			isa = PBXGroup;
			children = (
				945A4E911E537F5800632018 /* RetroCalc */,
				945A4E901E537F5800632018 /* Products */,
			);
			sourceTree = "<group>";
		};
		945A4E901E537F5800632018 /* Products */ = {
			isa = PBXGroup;
			children = (
				945A4E8F1E537F5800632018 /* RetroCalc.app */,
			);
			name = Products;
			sourceTree = "<group>";
		};
		945A4E911E537F5800632018 /* RetroCalc */ = {
			isa = PBXGroup;
			children = (
				945A4EA61E538A8700632018 /* Minecraft.ttf */,
				945A4EA81E538B5400632018 /* btn.wav */,
				945A4E921E537F5800632018 /* AppDelegate.swift */,
				945A4E941E537F5800632018 /* ViewController.swift */,
				945A4E961E537F5800632018 /* Main.storyboard */,
				945A4E991E537F5800632018 /* Assets.xcassets */,
				945A4E9B1E537F5800632018 /* LaunchScreen.storyboard */,
				945A4E9E1E537F5800632018 /* Info.plist */,
			);
			path = RetroCalc;
			sourceTree = "<group>";
		};
/* End PBXGroup section */

/* Begin PBXNativeTarget section */
		945A4E8E1E537F5800632018 /* RetroCalc */ = {
			isa = PBXNativeTarget;
			buildConfigurationList = 945A4EA11E537F5800632018 /* Build configuration list for PBXNativeTarget "RetroCalc" */;
			buildPhases = (
				945A4E8B1E537F5800632018 /* Sources */,
				945A4E8C1E537F5800632018 /* Frameworks */,
				945A4E8D1E537F5800632018 /* Resources */,
			);
			buildRules = (
			);
			dependencies = (
			);
			name = RetroCalc;
			productName = RetroCalc;
			productReference = 945A4E8F1E537F5800632018 /* RetroCalc.app */;
			productType = "com.apple.product-type.application";
		};
/* End PBXNativeTarget section */

/* Begin PBXProject section */
		945A4E871E537F5800632018 /* Project object */ = {
			isa = PBXProject;
			attributes = {
				LastSwiftUpdateCheck = 0820;
				LastUpgradeCheck = 0820;
				ORGANIZATIONNAME = "Keagan Sweeney";
				TargetAttributes = {
					945A4E8E1E537F5800632018 = {
						CreatedOnToolsVersion = 8.2.1;
						DevelopmentTeam = SN222F2TEG;
						ProvisioningStyle = Automatic;
					};
				};
			};
			buildConfigurationList = 945A4E8A1E537F5800632018 /* Build configuration list for PBXProject "RetroCalc" */;
			compatibilityVersion = "Xcode 3.2";
			developmentRegion = English;
			hasScannedForEncodings = 0;
			knownRegions = (
				en,
				Base,
			);
			mainGroup = 945A4E861E537F5800632018;
			productRefGroup = 945A4E901E537F5800632018 /* Products */;
			projectDirPath = "";
			projectRoot = "";
			targets = (
				945A4E8E1E537F5800632018 /* RetroCalc */,
			);
		};
/* End PBXProject section */

/* Begin PBXResourcesBuildPhase section */
		945A4E8D1E537F5800632018 /* Resources */ = {
			isa = PBXResourcesBuildPhase;
			buildActionMask = 2147483647;
			files = (
				945A4EA91E538B5400632018 /* btn.wav in Resources */,
				945A4E9D1E537F5800632018 /* LaunchScreen.storyboard in Resources */,
				945A4E9A1E537F5800632018 /* Assets.xcassets in Resources */,
				945A4EA71E538A8700632018 /* Minecraft.ttf in Resources */,
				945A4E981E537F5800632018 /* Main.storyboard in Resources */,
			);
			runOnlyForDeploymentPostprocessing = 0;
		};
/* End PBXResourcesBuildPhase section */

/* Begin PBXSourcesBuildPhase section */
		945A4E8B1E537F5800632018 /* Sources */ = {
			isa = PBXSourcesBuildPhase;
			buildActionMask = 2147483647;
			files = (
				945A4E951E537F5800632018 /* ViewController.swift in Sources */,
				945A4E931E537F5800632018 /* AppDelegate.swift in Sources */,
			);
			runOnlyForDeploymentPostprocessing = 0;
		};
/* End PBXSourcesBuildPhase section */

/* Begin PBXVariantGroup section */
		945A4E961E537F5800632018 /* Main.storyboard */ = {
			isa = PBXVariantGroup;
			children = (
				945A4E971E537F5800632018 /* Base */,
			);
			name = Main.storyboard;
			sourceTree = "<group>";
		};
		945A4E9B1E537F5800632018 /* LaunchScreen.storyboard */ = {
			isa = PBXVariantGroup;
			children = (
				945A4E9C1E537F5800632018 /* Base */,
			);
			name = LaunchScreen.storyboard;
			sourceTree = "<group>";
		};
/* End PBXVariantGroup section */

/* Begin XCBuildConfiguration section */
		945A4E9F1E537F5800632018 /* Debug */ = {
			isa = XCBuildConfiguration;
			buildSettings = {
				ALWAYS_SEARCH_USER_PATHS = NO;
				CLANG_ANALYZER_NONNULL = YES;
				CLANG_CXX_LANGUAGE_STANDARD = "gnu++0x";
				CLANG_CXX_LIBRARY = "libc++";
				CLANG_ENABLE_MODULES = YES;
				CLANG_ENABLE_OBJC_ARC = YES;
				CLANG_WARN_BOOL_CONVERSION = YES;
				CLANG_WARN_CONSTANT_CONVERSION = YES;
				CLANG_WARN_DIRECT_OBJC_ISA_USAGE = YES_ERROR;
				CLANG_WARN_DOCUMENTATION_COMMENTS = YES;
				CLANG_WARN_EMPTY_BODY = YES;
				CLANG_WARN_ENUM_CONVERSION = YES;
				CLANG_WARN_INFINITE_RECURSION = YES;
				CLANG_WARN_INT_CONVERSION = YES;
				CLANG_WARN_OBJC_ROOT_CLASS = YES_ERROR;
				CLANG_WARN_SUSPICIOUS_MOVE = YES;
				CLANG_WARN_UNREACHABLE_CODE = YES;
				CLANG_WARN__DUPLICATE_METHOD_MATCH = YES;
				"CODE_SIGN_IDENTITY[sdk=iphoneos*]" = "iPhone Developer";
				COPY_PHASE_STRIP = NO;
				DEBUG_INFORMATION_FORMAT = dwarf;
				ENABLE_STRICT_OBJC_MSGSEND = YES;
				ENABLE_TESTABILITY = YES;
				GCC_C_LANGUAGE_STANDARD = gnu99;
				GCC_DYNAMIC_NO_PIC = NO;
				GCC_NO_COMMON_BLOCKS = YES;
				GCC_OPTIMIZATION_LEVEL = 0;
				GCC_PREPROCESSOR_DEFINITIONS = (
					"DEBUG=1",
					"$(inherited)",
				);
				GCC_WARN_64_TO_32_BIT_CONVERSION = YES;
				GCC_WARN_ABOUT_RETURN_TYPE = YES_ERROR;
				GCC_WARN_UNDECLARED_SELECTOR = YES;
				GCC_WARN_UNINITIALIZED_AUTOS = YES_AGGRESSIVE;
				GCC_WARN_UNUSED_FUNCTION = YES;
				GCC_WARN_UNUSED_VARIABLE = YES;
				IPHONEOS_DEPLOYMENT_TARGET = 10.2;
				MTL_ENABLE_DEBUG_INFO = YES;
				ONLY_ACTIVE_ARCH = YES;
				SDKROOT = iphoneos;
				SWIFT_ACTIVE_COMPILATION_CONDITIONS = DEBUG;
				SWIFT_OPTIMIZATION_LEVEL = "-Onone";
				TARGETED_DEVICE_FAMILY = "1,2";
			};
			name = Debug;
		};
		945A4EA01E537F5800632018 /* Release */ = {
			isa = XCBuildConfiguration;
			buildSettings = {
				ALWAYS_SEARCH_USER_PATHS = NO;
				CLANG_ANALYZER_NONNULL = YES;
				CLANG_CXX_LANGUAGE_STANDARD = "gnu++0x";
				CLANG_CXX_LIBRARY = "libc++";
				CLANG_ENABLE_MODULES = YES;
				CLANG_ENABLE_OBJC_ARC = YES;
				CLANG_WARN_BOOL_CONVERSION = YES;
				CLANG_WARN_CONSTANT_CONVERSION = YES;
				CLANG_WARN_DIRECT_OBJC_ISA_USAGE = YES_ERROR;
				CLANG_WARN_DOCUMENTATION_COMMENTS = YES;
				CLANG_WARN_EMPTY_BODY = YES;
				CLANG_WARN_ENUM_CONVERSION = YES;
				CLANG_WARN_INFINITE_RECURSION = YES;
				CLANG_WARN_INT_CONVERSION = YES;
				CLANG_WARN_OBJC_ROOT_CLASS = YES_ERROR;
				CLANG_WARN_SUSPICIOUS_MOVE = YES;
				CLANG_WARN_UNREACHABLE_CODE = YES;
				CLANG_WARN__DUPLICATE_METHOD_MATCH = YES;
				"CODE_SIGN_IDENTITY[sdk=iphoneos*]" = "iPhone Developer";
				COPY_PHASE_STRIP = NO;
				DEBUG_INFORMATION_FORMAT = "dwarf-with-dsym";
				ENABLE_NS_ASSERTIONS = NO;
				ENABLE_STRICT_OBJC_MSGSEND = YES;
				GCC_C_LANGUAGE_STANDARD = gnu99;
				GCC_NO_COMMON_BLOCKS = YES;
				GCC_WARN_64_TO_32_BIT_CONVERSION = YES;
				GCC_WARN_ABOUT_RETURN_TYPE = YES_ERROR;
				GCC_WARN_UNDECLARED_SELECTOR = YES;
				GCC_WARN_UNINITIALIZED_AUTOS = YES_AGGRESSIVE;
				GCC_WARN_UNUSED_FUNCTION = YES;
				GCC_WARN_UNUSED_VARIABLE = YES;
				IPHONEOS_DEPLOYMENT_TARGET = 10.2;
				MTL_ENABLE_DEBUG_INFO = NO;
				SDKROOT = iphoneos;
				SWIFT_OPTIMIZATION_LEVEL = "-Owholemodule";
				TARGETED_DEVICE_FAMILY = "1,2";
				VALIDATE_PRODUCT = YES;
			};
			name = Release;
		};
		945A4EA21E537F5800632018 /* Debug */ = {
			isa = XCBuildConfiguration;
			buildSettings = {
				ASSETCATALOG_COMPILER_APPICON_NAME = AppIcon;
				DEVELOPMENT_TEAM = SN222F2TEG;
				INFOPLIST_FILE = RetroCalc/Info.plist;
				LD_RUNPATH_SEARCH_PATHS = "$(inherited) @executable_path/Frameworks";
				PRODUCT_BUNDLE_IDENTIFIER = com.KeaganSweeney.RetroCalc;
				PRODUCT_NAME = "$(TARGET_NAME)";
				SWIFT_VERSION = 3.0;
			};
			name = Debug;
		};
		945A4EA31E537F5800632018 /* Release */ = {
			isa = XCBuildConfiguration;
			buildSettings = {
				ASSETCATALOG_COMPILER_APPICON_NAME = AppIcon;
				DEVELOPMENT_TEAM = SN222F2TEG;
				INFOPLIST_FILE = RetroCalc/Info.plist;
				LD_RUNPATH_SEARCH_PATHS = "$(inherited) @executable_path/Frameworks";
				PRODUCT_BUNDLE_IDENTIFIER = com.KeaganSweeney.RetroCalc;
				PRODUCT_NAME = "$(TARGET_NAME)";
				SWIFT_VERSION = 3.0;
			};
			name = Release;
		};
/* End XCBuildConfiguration section */

/* Begin XCConfigurationList section */
		945A4E8A1E537F5800632018 /* Build configuration list for PBXProject "RetroCalc" */ = {
			isa = XCConfigurationList;
			buildConfigurations = (
				945A4E9F1E537F5800632018 /* Debug */,
				945A4EA01E537F5800632018 /* Release */,
			);
			defaultConfigurationIsVisible = 0;
			defaultConfigurationName = Release;
		};
		945A4EA11E537F5800632018 /* Build configuration list for PBXNativeTarget "RetroCalc" */ = {
			isa = XCConfigurationList;
			buildConfigurations = (
				945A4EA21E537F5800632018 /* Debug */,
				945A4EA31E537F5800632018 /* Release */,
			);
			defaultConfigurationIsVisible = 0;
		};
/* End XCConfigurationList section */
	};
	rootObject = 945A4E871E537F5800632018 /* Project object */;
}
